PODS:
  - SQLite.swift (0.13.1):
    - SQLite.swift/standard (= 0.13.1)
  - SQLite.swift/standard (0.13.1)

DEPENDENCIES:
  - SQLite.swift (~> 0.13.1)

SPEC REPOS:
  trunk:
    - SQLite.swift

SPEC CHECKSUMS:
  SQLite.swift: 30f2cdb09627181d472e55c4bc6b3b161f28de33

PODFILE CHECKSUM: 7d085ce52b7d7e2fbf45c6f4fb4b893a2321616e

COCOAPODS: 1.10.1
